
Microsoft Visual Studio Solution File, Format Version 12.00
# Visual Studio Version 16
VisualStudioVersion = 16.0.30204.135
MinimumVisualStudioVersion = 10.0.40219.1
Project("{FAE04EC0-301F-11D3-BF4B-00C04F79EFBC}") = "AzureCiTest", "AzureCiTest\AzureCiTest.csproj", "{F843B627-CA1B-471C-ABE0-DFAACA949FD2}"
EndProject
Global
	GlobalSection(SolutionConfigurationPlatforms) = preSolution
		Debug|Any CPU = Debug|Any CPU
		Release|Any CPU = Release|Any CPU
	EndGlobalSection
	GlobalSection(ProjectConfigurationPlatforms) = postSolution
		{F843B627-CA1B-471C-ABE0-DFAACA949FD2}.Debug|Any CPU.ActiveCfg = Debug|Any CPU
		{F843B627-CA1B-471C-ABE0-DFAACA949FD2}.Debug|Any CPU.Build.0 = Debug|Any CPU
		{F843B627-CA1B-471C-ABE0-DFAACA949FD2}.Release|Any CPU.ActiveCfg = Release|Any CPU
		{F843B627-CA1B-471C-ABE0-DFAACA949FD2}.Release|Any CPU.Build.0 = Release|Any CPU
	EndGlobalSection
	GlobalSection(SolutionProperties) = preSolution
		HideSolutionNode = FALSE
	EndGlobalSection
	GlobalSection(ExtensibilityGlobals) = postSolution
		SolutionGuid = {5800036E-18F3-48AE-AAA3-17F6F7F28B2C}
	EndGlobalSection
EndGlobal
